
Microsoft Visual Studio Solution File, Format Version 12.00
# Visual Studio Version 17
VisualStudioVersion = 17.11.35327.3
MinimumVisualStudioVersion = 10.0.40219.1
Project("{FAE04EC0-301F-11D3-BF4B-00C04F79EFBC}") = "CodeFirstApp", "CodeFirstApp\CodeFirstApp.csproj", "{21226D4D-025D-4018-B0F4-0668F97AF67B}"
EndProject
Global
	GlobalSection(SolutionConfigurationPlatforms) = preSolution
		Debug|Any CPU = Debug|Any CPU
		Release|Any CPU = Release|Any CPU
	EndGlobalSection
	GlobalSection(ProjectConfigurationPlatforms) = postSolution
		{21226D4D-025D-4018-B0F4-0668F97AF67B}.Debug|Any CPU.ActiveCfg = Debug|Any CPU
		{21226D4D-025D-4018-B0F4-0668F97AF67B}.Debug|Any CPU.Build.0 = Debug|Any CPU
		{21226D4D-025D-4018-B0F4-0668F97AF67B}.Release|Any CPU.ActiveCfg = Release|Any CPU
		{21226D4D-025D-4018-B0F4-0668F97AF67B}.Release|Any CPU.Build.0 = Release|Any CPU
	EndGlobalSection
	GlobalSection(SolutionProperties) = preSolution
		HideSolutionNode = FALSE
	EndGlobalSection
	GlobalSection(ExtensibilityGlobals) = postSolution
		SolutionGuid = {AA00FB78-AA52-4EF7-9C1D-B889B7615DC7}
	EndGlobalSection
EndGlobal
